
Microsoft Visual Studio Solution File, Format Version 12.00
# Visual Studio Version 17
VisualStudioVersion = 17.2.32616.157
MinimumVisualStudioVersion = 10.0.40219.1
Project("{9A19103F-16F7-4668-BE54-9A1E7A4F7556}") = "RVS_AT", "RVS_AT\RVS_AT.csproj", "{6F37D9D6-CC19-4711-AD75-7F4313E19248}"
EndProject
Project("{2150E333-8FDC-42A3-9474-1A3956D46DE8}") = "Infrastructure", "Infrastructure", "{40FE0A59-C1C6-4C6E-A230-BB1DF5D1C413}"
EndProject
Project("{FAE04EC0-301F-11D3-BF4B-00C04F79EFBC}") = "Data", "Data\Data.csproj", "{400395AD-CEE6-4B7B-B3A1-700F4E01FA9E}"
EndProject
Project("{FAE04EC0-301F-11D3-BF4B-00C04F79EFBC}") = "Services", "Services\Services.csproj", "{2B925E0D-0E07-4C6A-A0DC-2354EEF32796}"
EndProject
Global
	GlobalSection(SolutionConfigurationPlatforms) = preSolution
		Debug|Any CPU = Debug|Any CPU
		Release|Any CPU = Release|Any CPU
	EndGlobalSection
	GlobalSection(ProjectConfigurationPlatforms) = postSolution
		{6F37D9D6-CC19-4711-AD75-7F4313E19248}.Debug|Any CPU.ActiveCfg = Debug|Any CPU
		{6F37D9D6-CC19-4711-AD75-7F4313E19248}.Debug|Any CPU.Build.0 = Debug|Any CPU
		{6F37D9D6-CC19-4711-AD75-7F4313E19248}.Release|Any CPU.ActiveCfg = Release|Any CPU
		{6F37D9D6-CC19-4711-AD75-7F4313E19248}.Release|Any CPU.Build.0 = Release|Any CPU
		{400395AD-CEE6-4B7B-B3A1-700F4E01FA9E}.Debug|Any CPU.ActiveCfg = Debug|Any CPU
		{400395AD-CEE6-4B7B-B3A1-700F4E01FA9E}.Debug|Any CPU.Build.0 = Debug|Any CPU
		{400395AD-CEE6-4B7B-B3A1-700F4E01FA9E}.Release|Any CPU.ActiveCfg = Release|Any CPU
		{400395AD-CEE6-4B7B-B3A1-700F4E01FA9E}.Release|Any CPU.Build.0 = Release|Any CPU
		{2B925E0D-0E07-4C6A-A0DC-2354EEF32796}.Debug|Any CPU.ActiveCfg = Debug|Any CPU
		{2B925E0D-0E07-4C6A-A0DC-2354EEF32796}.Debug|Any CPU.Build.0 = Debug|Any CPU
		{2B925E0D-0E07-4C6A-A0DC-2354EEF32796}.Release|Any CPU.ActiveCfg = Release|Any CPU
		{2B925E0D-0E07-4C6A-A0DC-2354EEF32796}.Release|Any CPU.Build.0 = Release|Any CPU
	EndGlobalSection
	GlobalSection(SolutionProperties) = preSolution
		HideSolutionNode = FALSE
	EndGlobalSection
	GlobalSection(NestedProjects) = preSolution
		{400395AD-CEE6-4B7B-B3A1-700F4E01FA9E} = {40FE0A59-C1C6-4C6E-A230-BB1DF5D1C413}
		{2B925E0D-0E07-4C6A-A0DC-2354EEF32796} = {40FE0A59-C1C6-4C6E-A230-BB1DF5D1C413}
	EndGlobalSection
	GlobalSection(ExtensibilityGlobals) = postSolution
		SolutionGuid = {49C5F9A2-DD45-470D-9986-BC7E822CB317}
	EndGlobalSection
EndGlobal
